<Solution>
  <Project Path="perf/TypeSafeId.Benchmarks/TypeSafeId.Benchmarks.csproj" Id="26fbdeb8-e23e-4d28-b226-8b0c38c487fc" />
  <Project Path="src/Example/Example.csproj" />
  <Project Path="src/TypeSafeId.AspNetCore/TypeSafeId.AspNetCore.csproj" />
  <Project Path="src/TypeSafeId.EntityFrameworkCore/TypeSafeId.EntityFrameworkCore.csproj" />
  <Project Path="src/TypeSafeId/TypeSafeId.csproj" />
  <Project Path="test/TypeSafeId.Tests/TypeSafeId.Tests.csproj" />
</Solution>
